// !$*UTF8*$!
{
	archiveVersion = 1;
	classes = {
	};
	objectVersion = 50;
	objects = {

/* Begin PBXBuildFile section */
		8E20733224643E76004F5D91 /* AppDelegate.swift in Sources */ = {isa = PBXBuildFile; fileRef = 8E20733124643E76004F5D91 /* AppDelegate.swift */; };
		8E20733424643E76004F5D91 /* SceneDelegate.swift in Sources */ = {isa = PBXBuildFile; fileRef = 8E20733324643E76004F5D91 /* SceneDelegate.swift */; };
		8E20733624643E76004F5D91 /* ContentView.swift in Sources */ = {isa = PBXBuildFile; fileRef = 8E20733524643E76004F5D91 /* ContentView.swift */; };
		8E20733824643E79004F5D91 /* Assets.xcassets in Resources */ = {isa = PBXBuildFile; fileRef = 8E20733724643E79004F5D91 /* Assets.xcassets */; };
		8E20733B24643E79004F5D91 /* Preview Assets.xcassets in Resources */ = {isa = PBXBuildFile; fileRef = 8E20733A24643E79004F5D91 /* Preview Assets.xcassets */; };
		8E20733E24643E79004F5D91 /* LaunchScreen.storyboard in Resources */ = {isa = PBXBuildFile; fileRef = 8E20733C24643E79004F5D91 /* LaunchScreen.storyboard */; };
		8E20734924643E79004F5D91 /* parkingEmulatorTests.swift in Sources */ = {isa = PBXBuildFile; fileRef = 8E20734824643E79004F5D91 /* parkingEmulatorTests.swift */; };
		8E20735424643E79004F5D91 /* parkingEmulatorUITests.swift in Sources */ = {isa = PBXBuildFile; fileRef = 8E20735324643E79004F5D91 /* parkingEmulatorUITests.swift */; };
		8E20736324643F26004F5D91 /* ParkingViewRow.swift in Sources */ = {isa = PBXBuildFile; fileRef = 8E20736224643F26004F5D91 /* ParkingViewRow.swift */; };
		8E20736624643FE3004F5D91 /* Parking.swift in Sources */ = {isa = PBXBuildFile; fileRef = 8E20736524643FE3004F5D91 /* Parking.swift */; };
		8E207369246444F6004F5D91 /* NetworkMethod.swift in Sources */ = {isa = PBXBuildFile; fileRef = 8E207368246444F6004F5D91 /* NetworkMethod.swift */; };
		8E20736B24644505004F5D91 /* NetworkRoute.swift in Sources */ = {isa = PBXBuildFile; fileRef = 8E20736A24644505004F5D91 /* NetworkRoute.swift */; };
		8E20736D2464451F004F5D91 /* Resource.swift in Sources */ = {isa = PBXBuildFile; fileRef = 8E20736C2464451F004F5D91 /* Resource.swift */; };
		8E20736F24644547004F5D91 /* Network.swift in Sources */ = {isa = PBXBuildFile; fileRef = 8E20736E24644547004F5D91 /* Network.swift */; };
		8E20737124644568004F5D91 /* NetworkEnvironment.swift in Sources */ = {isa = PBXBuildFile; fileRef = 8E20737024644568004F5D91 /* NetworkEnvironment.swift */; };
		8E2073732464459C004F5D91 /* ParkingNetwork.swift in Sources */ = {isa = PBXBuildFile; fileRef = 8E2073722464459C004F5D91 /* ParkingNetwork.swift */; };
		8E207376246445DE004F5D91 /* NetworkViewModel.swift in Sources */ = {isa = PBXBuildFile; fileRef = 8E207375246445DE004F5D91 /* NetworkViewModel.swift */; };
		8E20737824644618004F5D91 /* ParkingViewModel.swift in Sources */ = {isa = PBXBuildFile; fileRef = 8E20737724644618004F5D91 /* ParkingViewModel.swift */; };
		8ED82C7B24644AC900387C93 /* ErrorView.swift in Sources */ = {isa = PBXBuildFile; fileRef = 8ED82C7A24644AC900387C93 /* ErrorView.swift */; };
		8ED82C7D24644C3100387C93 /* LoadingView.swift in Sources */ = {isa = PBXBuildFile; fileRef = 8ED82C7C24644C3100387C93 /* LoadingView.swift */; };
		8ED82C7F246455E400387C93 /* FindYourAuto.swift in Sources */ = {isa = PBXBuildFile; fileRef = 8ED82C7E246455E400387C93 /* FindYourAuto.swift */; };
		8ED82C812464581500387C93 /* CarViewModel.swift in Sources */ = {isa = PBXBuildFile; fileRef = 8ED82C802464581500387C93 /* CarViewModel.swift */; };
/* End PBXBuildFile section */

/* Begin PBXContainerItemProxy section */
		8E20734524643E79004F5D91 /* PBXContainerItemProxy */ = {
			isa = PBXContainerItemProxy;
			containerPortal = 8E20732624643E76004F5D91 /* Project object */;
			proxyType = 1;
			remoteGlobalIDString = 8E20732D24643E76004F5D91;
			remoteInfo = parkingEmulator;
		};
		8E20735024643E79004F5D91 /* PBXContainerItemProxy */ = {
			isa = PBXContainerItemProxy;
			containerPortal = 8E20732624643E76004F5D91 /* Project object */;
			proxyType = 1;
			remoteGlobalIDString = 8E20732D24643E76004F5D91;
			remoteInfo = parkingEmulator;
		};
/* End PBXContainerItemProxy section */

/* Begin PBXFileReference section */
		8E20732E24643E76004F5D91 /* parkingEmulator.app */ = {isa = PBXFileReference; explicitFileType = wrapper.application; includeInIndex = 0; path = parkingEmulator.app; sourceTree = BUILT_PRODUCTS_DIR; };
		8E20733124643E76004F5D91 /* AppDelegate.swift */ = {isa = PBXFileReference; lastKnownFileType = sourcecode.swift; path = AppDelegate.swift; sourceTree = "<group>"; };
		8E20733324643E76004F5D91 /* SceneDelegate.swift */ = {isa = PBXFileReference; lastKnownFileType = sourcecode.swift; path = SceneDelegate.swift; sourceTree = "<group>"; };
		8E20733524643E76004F5D91 /* ContentView.swift */ = {isa = PBXFileReference; lastKnownFileType = sourcecode.swift; path = ContentView.swift; sourceTree = "<group>"; };
		8E20733724643E79004F5D91 /* Assets.xcassets */ = {isa = PBXFileReference; lastKnownFileType = folder.assetcatalog; path = Assets.xcassets; sourceTree = "<group>"; };
		8E20733A24643E79004F5D91 /* Preview Assets.xcassets */ = {isa = PBXFileReference; lastKnownFileType = folder.assetcatalog; path = "Preview Assets.xcassets"; sourceTree = "<group>"; };
		8E20733D24643E79004F5D91 /* Base */ = {isa = PBXFileReference; lastKnownFileType = file.storyboard; name = Base; path = Base.lproj/LaunchScreen.storyboard; sourceTree = "<group>"; };
		8E20733F24643E79004F5D91 /* Info.plist */ = {isa = PBXFileReference; lastKnownFileType = text.plist.xml; path = Info.plist; sourceTree = "<group>"; };
		8E20734424643E79004F5D91 /* parkingEmulatorTests.xctest */ = {isa = PBXFileReference; explicitFileType = wrapper.cfbundle; includeInIndex = 0; path = parkingEmulatorTests.xctest; sourceTree = BUILT_PRODUCTS_DIR; };
		8E20734824643E79004F5D91 /* parkingEmulatorTests.swift */ = {isa = PBXFileReference; lastKnownFileType = sourcecode.swift; path = parkingEmulatorTests.swift; sourceTree = "<group>"; };
		8E20734A24643E79004F5D91 /* Info.plist */ = {isa = PBXFileReference; lastKnownFileType = text.plist.xml; path = Info.plist; sourceTree = "<group>"; };
		8E20734F24643E79004F5D91 /* parkingEmulatorUITests.xctest */ = {isa = PBXFileReference; explicitFileType = wrapper.cfbundle; includeInIndex = 0; path = parkingEmulatorUITests.xctest; sourceTree = BUILT_PRODUCTS_DIR; };
		8E20735324643E79004F5D91 /* parkingEmulatorUITests.swift */ = {isa = PBXFileReference; lastKnownFileType = sourcecode.swift; path = parkingEmulatorUITests.swift; sourceTree = "<group>"; };
		8E20735524643E79004F5D91 /* Info.plist */ = {isa = PBXFileReference; lastKnownFileType = text.plist.xml; path = Info.plist; sourceTree = "<group>"; };
		8E20736224643F26004F5D91 /* ParkingViewRow.swift */ = {isa = PBXFileReference; lastKnownFileType = sourcecode.swift; path = ParkingViewRow.swift; sourceTree = "<group>"; };
		8E20736524643FE3004F5D91 /* Parking.swift */ = {isa = PBXFileReference; lastKnownFileType = sourcecode.swift; path = Parking.swift; sourceTree = "<group>"; };
		8E207368246444F6004F5D91 /* NetworkMethod.swift */ = {isa = PBXFileReference; lastKnownFileType = sourcecode.swift; path = NetworkMethod.swift; sourceTree = "<group>"; };
		8E20736A24644505004F5D91 /* NetworkRoute.swift */ = {isa = PBXFileReference; lastKnownFileType = sourcecode.swift; path = NetworkRoute.swift; sourceTree = "<group>"; };
		8E20736C2464451F004F5D91 /* Resource.swift */ = {isa = PBXFileReference; lastKnownFileType = sourcecode.swift; path = Resource.swift; sourceTree = "<group>"; };
		8E20736E24644547004F5D91 /* Network.swift */ = {isa = PBXFileReference; lastKnownFileType = sourcecode.swift; path = Network.swift; sourceTree = "<group>"; };
		8E20737024644568004F5D91 /* NetworkEnvironment.swift */ = {isa = PBXFileReference; lastKnownFileType = sourcecode.swift; path = NetworkEnvironment.swift; sourceTree = "<group>"; };
		8E2073722464459C004F5D91 /* ParkingNetwork.swift */ = {isa = PBXFileReference; lastKnownFileType = sourcecode.swift; path = ParkingNetwork.swift; sourceTree = "<group>"; };
		8E207375246445DE004F5D91 /* NetworkViewModel.swift */ = {isa = PBXFileReference; lastKnownFileType = sourcecode.swift; path = NetworkViewModel.swift; sourceTree = "<group>"; };
		8E20737724644618004F5D91 /* ParkingViewModel.swift */ = {isa = PBXFileReference; lastKnownFileType = sourcecode.swift; path = ParkingViewModel.swift; sourceTree = "<group>"; };
		8ED82C7A24644AC900387C93 /* ErrorView.swift */ = {isa = PBXFileReference; lastKnownFileType = sourcecode.swift; path = ErrorView.swift; sourceTree = "<group>"; };
		8ED82C7C24644C3100387C93 /* LoadingView.swift */ = {isa = PBXFileReference; lastKnownFileType = sourcecode.swift; path = LoadingView.swift; sourceTree = "<group>"; };
		8ED82C7E246455E400387C93 /* FindYourAuto.swift */ = {isa = PBXFileReference; lastKnownFileType = sourcecode.swift; path = FindYourAuto.swift; sourceTree = "<group>"; };
		8ED82C802464581500387C93 /* CarViewModel.swift */ = {isa = PBXFileReference; lastKnownFileType = sourcecode.swift; path = CarViewModel.swift; sourceTree = "<group>"; };
/* End PBXFileReference section */

/* Begin PBXFrameworksBuildPhase section */
		8E20732B24643E76004F5D91 /* Frameworks */ = {
			isa = PBXFrameworksBuildPhase;
			buildActionMask = 2147483647;
			files = (
			);
			runOnlyForDeploymentPostprocessing = 0;
		};
		8E20734124643E79004F5D91 /* Frameworks */ = {
			isa = PBXFrameworksBuildPhase;
			buildActionMask = 2147483647;
			files = (
			);
			runOnlyForDeploymentPostprocessing = 0;
		};
		8E20734C24643E79004F5D91 /* Frameworks */ = {
			isa = PBXFrameworksBuildPhase;
			buildActionMask = 2147483647;
			files = (
			);
			runOnlyForDeploymentPostprocessing = 0;
		};
/* End PBXFrameworksBuildPhase section */

/* Begin PBXGroup section */
		8E20732524643E76004F5D91 = {
			isa = PBXGroup;
			children = (
				8E20733024643E76004F5D91 /* parkingEmulator */,
				8E20734724643E79004F5D91 /* parkingEmulatorTests */,
				8E20735224643E79004F5D91 /* parkingEmulatorUITests */,
				8E20732F24643E76004F5D91 /* Products */,
			);
			sourceTree = "<group>";
		};
		8E20732F24643E76004F5D91 /* Products */ = {
			isa = PBXGroup;
			children = (
				8E20732E24643E76004F5D91 /* parkingEmulator.app */,
				8E20734424643E79004F5D91 /* parkingEmulatorTests.xctest */,
				8E20734F24643E79004F5D91 /* parkingEmulatorUITests.xctest */,
			);
			name = Products;
			sourceTree = "<group>";
		};
		8E20733024643E76004F5D91 /* parkingEmulator */ = {
			isa = PBXGroup;
			children = (
				8ED82C7724644A9100387C93 /* Views */,
				8E207374246445D9004F5D91 /* ViewModel */,
				8E207367246444ED004F5D91 /* API */,
				8E20736424643F56004F5D91 /* Models */,
				8E20736124643F0D004F5D91 /* Parkings */,
				8E20733124643E76004F5D91 /* AppDelegate.swift */,
				8E20733324643E76004F5D91 /* SceneDelegate.swift */,
				8E20733524643E76004F5D91 /* ContentView.swift */,
				8E20733724643E79004F5D91 /* Assets.xcassets */,
				8E20733C24643E79004F5D91 /* LaunchScreen.storyboard */,
				8E20733F24643E79004F5D91 /* Info.plist */,
				8E20733924643E79004F5D91 /* Preview Content */,
			);
			path = parkingEmulator;
			sourceTree = "<group>";
		};
		8E20733924643E79004F5D91 /* Preview Content */ = {
			isa = PBXGroup;
			children = (
				8E20733A24643E79004F5D91 /* Preview Assets.xcassets */,
			);
			path = "Preview Content";
			sourceTree = "<group>";
		};
		8E20734724643E79004F5D91 /* parkingEmulatorTests */ = {
			isa = PBXGroup;
			children = (
				8E20734824643E79004F5D91 /* parkingEmulatorTests.swift */,
				8E20734A24643E79004F5D91 /* Info.plist */,
			);
			path = parkingEmulatorTests;
			sourceTree = "<group>";
		};
		8E20735224643E79004F5D91 /* parkingEmulatorUITests */ = {
			isa = PBXGroup;
			children = (
				8E20735324643E79004F5D91 /* parkingEmulatorUITests.swift */,
				8E20735524643E79004F5D91 /* Info.plist */,
			);
			path = parkingEmulatorUITests;
			sourceTree = "<group>";
		};
		8E20736124643F0D004F5D91 /* Parkings */ = {
			isa = PBXGroup;
			children = (
				8E20736224643F26004F5D91 /* ParkingViewRow.swift */,
				8ED82C7E246455E400387C93 /* FindYourAuto.swift */,
			);
			path = Parkings;
			sourceTree = "<group>";
		};
		8E20736424643F56004F5D91 /* Models */ = {
			isa = PBXGroup;
			children = (
				8E20736524643FE3004F5D91 /* Parking.swift */,
			);
			path = Models;
			sourceTree = "<group>";
		};
		8E207367246444ED004F5D91 /* API */ = {
			isa = PBXGroup;
			children = (
				8E207368246444F6004F5D91 /* NetworkMethod.swift */,
				8E20736A24644505004F5D91 /* NetworkRoute.swift */,
				8E20736C2464451F004F5D91 /* Resource.swift */,
				8E20736E24644547004F5D91 /* Network.swift */,
				8E20737024644568004F5D91 /* NetworkEnvironment.swift */,
				8E2073722464459C004F5D91 /* ParkingNetwork.swift */,
			);
			path = API;
			sourceTree = "<group>";
		};
		8E207374246445D9004F5D91 /* ViewModel */ = {
			isa = PBXGroup;
			children = (
				8E207375246445DE004F5D91 /* NetworkViewModel.swift */,
				8E20737724644618004F5D91 /* ParkingViewModel.swift */,
				8ED82C802464581500387C93 /* CarViewModel.swift */,
			);
			path = ViewModel;
			sourceTree = "<group>";
		};
		8ED82C7724644A9100387C93 /* Views */ = {
			isa = PBXGroup;
			children = (
				8ED82C7A24644AC900387C93 /* ErrorView.swift */,
				8ED82C7C24644C3100387C93 /* LoadingView.swift */,
			);
			path = Views;
			sourceTree = "<group>";
		};
/* End PBXGroup section */

/* Begin PBXNativeTarget section */
		8E20732D24643E76004F5D91 /* parkingEmulator */ = {
			isa = PBXNativeTarget;
			buildConfigurationList = 8E20735824643E79004F5D91 /* Build configuration list for PBXNativeTarget "parkingEmulator" */;
			buildPhases = (
				8E20732A24643E76004F5D91 /* Sources */,
				8E20732B24643E76004F5D91 /* Frameworks */,
				8E20732C24643E76004F5D91 /* Resources */,
			);
			buildRules = (
			);
			dependencies = (
			);
			name = parkingEmulator;
			productName = parkingEmulator;
			productReference = 8E20732E24643E76004F5D91 /* parkingEmulator.app */;
			productType = "com.apple.product-type.application";
		};
		8E20734324643E79004F5D91 /* parkingEmulatorTests */ = {
			isa = PBXNativeTarget;
			buildConfigurationList = 8E20735B24643E79004F5D91 /* Build configuration list for PBXNativeTarget "parkingEmulatorTests" */;
			buildPhases = (
				8E20734024643E79004F5D91 /* Sources */,
				8E20734124643E79004F5D91 /* Frameworks */,
				8E20734224643E79004F5D91 /* Resources */,
			);
			buildRules = (
			);
			dependencies = (
				8E20734624643E79004F5D91 /* PBXTargetDependency */,
			);
			name = parkingEmulatorTests;
			productName = parkingEmulatorTests;
			productReference = 8E20734424643E79004F5D91 /* parkingEmulatorTests.xctest */;
			productType = "com.apple.product-type.bundle.unit-test";
		};
		8E20734E24643E79004F5D91 /* parkingEmulatorUITests */ = {
			isa = PBXNativeTarget;
			buildConfigurationList = 8E20735E24643E79004F5D91 /* Build configuration list for PBXNativeTarget "parkingEmulatorUITests" */;
			buildPhases = (
				8E20734B24643E79004F5D91 /* Sources */,
				8E20734C24643E79004F5D91 /* Frameworks */,
				8E20734D24643E79004F5D91 /* Resources */,
			);
			buildRules = (
			);
			dependencies = (
				8E20735124643E79004F5D91 /* PBXTargetDependency */,
			);
			name = parkingEmulatorUITests;
			productName = parkingEmulatorUITests;
			productReference = 8E20734F24643E79004F5D91 /* parkingEmulatorUITests.xctest */;
			productType = "com.apple.product-type.bundle.ui-testing";
		};
/* End PBXNativeTarget section */

/* Begin PBXProject section */
		8E20732624643E76004F5D91 /* Project object */ = {
			isa = PBXProject;
			attributes = {
				LastSwiftUpdateCheck = 1140;
				LastUpgradeCheck = 1140;
				ORGANIZATIONNAME = UGATU;
				TargetAttributes = {
					8E20732D24643E76004F5D91 = {
						CreatedOnToolsVersion = 11.4.1;
					};
					8E20734324643E79004F5D91 = {
						CreatedOnToolsVersion = 11.4.1;
						TestTargetID = 8E20732D24643E76004F5D91;
					};
					8E20734E24643E79004F5D91 = {
						CreatedOnToolsVersion = 11.4.1;
						TestTargetID = 8E20732D24643E76004F5D91;
					};
				};
			};
			buildConfigurationList = 8E20732924643E76004F5D91 /* Build configuration list for PBXProject "parkingEmulator" */;
			compatibilityVersion = "Xcode 9.3";
			developmentRegion = en;
			hasScannedForEncodings = 0;
			knownRegions = (
				en,
				Base,
			);
			mainGroup = 8E20732524643E76004F5D91;
			productRefGroup = 8E20732F24643E76004F5D91 /* Products */;
			projectDirPath = "";
			projectRoot = "";
			targets = (
				8E20732D24643E76004F5D91 /* parkingEmulator */,
				8E20734324643E79004F5D91 /* parkingEmulatorTests */,
				8E20734E24643E79004F5D91 /* parkingEmulatorUITests */,
			);
		};
/* End PBXProject section */

/* Begin PBXResourcesBuildPhase section */
		8E20732C24643E76004F5D91 /* Resources */ = {
			isa = PBXResourcesBuildPhase;
			buildActionMask = 2147483647;
			files = (
				8E20733E24643E79004F5D91 /* LaunchScreen.storyboard in Resources */,
				8E20733B24643E79004F5D91 /* Preview Assets.xcassets in Resources */,
				8E20733824643E79004F5D91 /* Assets.xcassets in Resources */,
			);
			runOnlyForDeploymentPostprocessing = 0;
		};
		8E20734224643E79004F5D91 /* Resources */ = {
			isa = PBXResourcesBuildPhase;
			buildActionMask = 2147483647;
			files = (
			);
			runOnlyForDeploymentPostprocessing = 0;
		};
		8E20734D24643E79004F5D91 /* Resources */ = {
			isa = PBXResourcesBuildPhase;
			buildActionMask = 2147483647;
			files = (
			);
			runOnlyForDeploymentPostprocessing = 0;
		};
/* End PBXResourcesBuildPhase section */

/* Begin PBXSourcesBuildPhase section */
		8E20732A24643E76004F5D91 /* Sources */ = {
			isa = PBXSourcesBuildPhase;
			buildActionMask = 2147483647;
			files = (
				8E20733224643E76004F5D91 /* AppDelegate.swift in Sources */,
				8E20736D2464451F004F5D91 /* Resource.swift in Sources */,
				8E20737824644618004F5D91 /* ParkingViewModel.swift in Sources */,
				8E20736B24644505004F5D91 /* NetworkRoute.swift in Sources */,
				8ED82C812464581500387C93 /* CarViewModel.swift in Sources */,
				8E207369246444F6004F5D91 /* NetworkMethod.swift in Sources */,
				8E20733424643E76004F5D91 /* SceneDelegate.swift in Sources */,
				8ED82C7F246455E400387C93 /* FindYourAuto.swift in Sources */,
				8E20736F24644547004F5D91 /* Network.swift in Sources */,
				8E20736624643FE3004F5D91 /* Parking.swift in Sources */,
				8ED82C7D24644C3100387C93 /* LoadingView.swift in Sources */,
				8E207376246445DE004F5D91 /* NetworkViewModel.swift in Sources */,
				8E2073732464459C004F5D91 /* ParkingNetwork.swift in Sources */,
				8E20733624643E76004F5D91 /* ContentView.swift in Sources */,
				8ED82C7B24644AC900387C93 /* ErrorView.swift in Sources */,
				8E20737124644568004F5D91 /* NetworkEnvironment.swift in Sources */,
				8E20736324643F26004F5D91 /* ParkingViewRow.swift in Sources */,
			);
			runOnlyForDeploymentPostprocessing = 0;
		};
		8E20734024643E79004F5D91 /* Sources */ = {
			isa = PBXSourcesBuildPhase;
			buildActionMask = 2147483647;
			files = (
				8E20734924643E79004F5D91 /* parkingEmulatorTests.swift in Sources */,
			);
			runOnlyForDeploymentPostprocessing = 0;
		};
		8E20734B24643E79004F5D91 /* Sources */ = {
			isa = PBXSourcesBuildPhase;
			buildActionMask = 2147483647;
			files = (
				8E20735424643E79004F5D91 /* parkingEmulatorUITests.swift in Sources */,
			);
			runOnlyForDeploymentPostprocessing = 0;
		};
/* End PBXSourcesBuildPhase section */

/* Begin PBXTargetDependency section */
		8E20734624643E79004F5D91 /* PBXTargetDependency */ = {
			isa = PBXTargetDependency;
			target = 8E20732D24643E76004F5D91 /* parkingEmulator */;
			targetProxy = 8E20734524643E79004F5D91 /* PBXContainerItemProxy */;
		};
		8E20735124643E79004F5D91 /* PBXTargetDependency */ = {
			isa = PBXTargetDependency;
			target = 8E20732D24643E76004F5D91 /* parkingEmulator */;
			targetProxy = 8E20735024643E79004F5D91 /* PBXContainerItemProxy */;
		};
/* End PBXTargetDependency section */

/* Begin PBXVariantGroup section */
		8E20733C24643E79004F5D91 /* LaunchScreen.storyboard */ = {
			isa = PBXVariantGroup;
			children = (
				8E20733D24643E79004F5D91 /* Base */,
			);
			name = LaunchScreen.storyboard;
			sourceTree = "<group>";
		};
/* End PBXVariantGroup section */

/* Begin XCBuildConfiguration section */
		8E20735624643E79004F5D91 /* Debug */ = {
			isa = XCBuildConfiguration;
			buildSettings = {
				ALWAYS_SEARCH_USER_PATHS = NO;
				CLANG_ANALYZER_NONNULL = YES;
				CLANG_ANALYZER_NUMBER_OBJECT_CONVERSION = YES_AGGRESSIVE;
				CLANG_CXX_LANGUAGE_STANDARD = "gnu++14";
				CLANG_CXX_LIBRARY = "libc++";
				CLANG_ENABLE_MODULES = YES;
				CLANG_ENABLE_OBJC_ARC = YES;
				CLANG_ENABLE_OBJC_WEAK = YES;
				CLANG_WARN_BLOCK_CAPTURE_AUTORELEASING = YES;
				CLANG_WARN_BOOL_CONVERSION = YES;
				CLANG_WARN_COMMA = YES;
				CLANG_WARN_CONSTANT_CONVERSION = YES;
				CLANG_WARN_DEPRECATED_OBJC_IMPLEMENTATIONS = YES;
				CLANG_WARN_DIRECT_OBJC_ISA_USAGE = YES_ERROR;
				CLANG_WARN_DOCUMENTATION_COMMENTS = YES;
				CLANG_WARN_EMPTY_BODY = YES;
				CLANG_WARN_ENUM_CONVERSION = YES;
				CLANG_WARN_INFINITE_RECURSION = YES;
				CLANG_WARN_INT_CONVERSION = YES;
				CLANG_WARN_NON_LITERAL_NULL_CONVERSION = YES;
				CLANG_WARN_OBJC_IMPLICIT_RETAIN_SELF = YES;
				CLANG_WARN_OBJC_LITERAL_CONVERSION = YES;
				CLANG_WARN_OBJC_ROOT_CLASS = YES_ERROR;
				CLANG_WARN_RANGE_LOOP_ANALYSIS = YES;
				CLANG_WARN_STRICT_PROTOTYPES = YES;
				CLANG_WARN_SUSPICIOUS_MOVE = YES;
				CLANG_WARN_UNGUARDED_AVAILABILITY = YES_AGGRESSIVE;
				CLANG_WARN_UNREACHABLE_CODE = YES;
				CLANG_WARN__DUPLICATE_METHOD_MATCH = YES;
				COPY_PHASE_STRIP = NO;
				DEBUG_INFORMATION_FORMAT = dwarf;
				ENABLE_STRICT_OBJC_MSGSEND = YES;
				ENABLE_TESTABILITY = YES;
				GCC_C_LANGUAGE_STANDARD = gnu11;
				GCC_DYNAMIC_NO_PIC = NO;
				GCC_NO_COMMON_BLOCKS = YES;
				GCC_OPTIMIZATION_LEVEL = 0;
				GCC_PREPROCESSOR_DEFINITIONS = (
					"DEBUG=1",
					"$(inherited)",
				);
				GCC_WARN_64_TO_32_BIT_CONVERSION = YES;
				GCC_WARN_ABOUT_RETURN_TYPE = YES_ERROR;
				GCC_WARN_UNDECLARED_SELECTOR = YES;
				GCC_WARN_UNINITIALIZED_AUTOS = YES_AGGRESSIVE;
				GCC_WARN_UNUSED_FUNCTION = YES;
				GCC_WARN_UNUSED_VARIABLE = YES;
				IPHONEOS_DEPLOYMENT_TARGET = 13.4;
				MTL_ENABLE_DEBUG_INFO = INCLUDE_SOURCE;
				MTL_FAST_MATH = YES;
				ONLY_ACTIVE_ARCH = YES;
				SDKROOT = iphoneos;
				SWIFT_ACTIVE_COMPILATION_CONDITIONS = DEBUG;
				SWIFT_OPTIMIZATION_LEVEL = "-Onone";
			};
			name = Debug;
		};
		8E20735724643E79004F5D91 /* Release */ = {
			isa = XCBuildConfiguration;
			buildSettings = {
				ALWAYS_SEARCH_USER_PATHS = NO;
				CLANG_ANALYZER_NONNULL = YES;
				CLANG_ANALYZER_NUMBER_OBJECT_CONVERSION = YES_AGGRESSIVE;
				CLANG_CXX_LANGUAGE_STANDARD = "gnu++14";
				CLANG_CXX_LIBRARY = "libc++";
				CLANG_ENABLE_MODULES = YES;
				CLANG_ENABLE_OBJC_ARC = YES;
				CLANG_ENABLE_OBJC_WEAK = YES;
				CLANG_WARN_BLOCK_CAPTURE_AUTORELEASING = YES;
				CLANG_WARN_BOOL_CONVERSION = YES;
				CLANG_WARN_COMMA = YES;
				CLANG_WARN_CONSTANT_CONVERSION = YES;
				CLANG_WARN_DEPRECATED_OBJC_IMPLEMENTATIONS = YES;
				CLANG_WARN_DIRECT_OBJC_ISA_USAGE = YES_ERROR;
				CLANG_WARN_DOCUMENTATION_COMMENTS = YES;
				CLANG_WARN_EMPTY_BODY = YES;
				CLANG_WARN_ENUM_CONVERSION = YES;
				CLANG_WARN_INFINITE_RECURSION = YES;
				CLANG_WARN_INT_CONVERSION = YES;
				CLANG_WARN_NON_LITERAL_NULL_CONVERSION = YES;
				CLANG_WARN_OBJC_IMPLICIT_RETAIN_SELF = YES;
				CLANG_WARN_OBJC_LITERAL_CONVERSION = YES;
				CLANG_WARN_OBJC_ROOT_CLASS = YES_ERROR;
				CLANG_WARN_RANGE_LOOP_ANALYSIS = YES;
				CLANG_WARN_STRICT_PROTOTYPES = YES;
				CLANG_WARN_SUSPICIOUS_MOVE = YES;
				CLANG_WARN_UNGUARDED_AVAILABILITY = YES_AGGRESSIVE;
				CLANG_WARN_UNREACHABLE_CODE = YES;
				CLANG_WARN__DUPLICATE_METHOD_MATCH = YES;
				COPY_PHASE_STRIP = NO;
				DEBUG_INFORMATION_FORMAT = "dwarf-with-dsym";
				ENABLE_NS_ASSERTIONS = NO;
				ENABLE_STRICT_OBJC_MSGSEND = YES;
				GCC_C_LANGUAGE_STANDARD = gnu11;
				GCC_NO_COMMON_BLOCKS = YES;
				GCC_WARN_64_TO_32_BIT_CONVERSION = YES;
				GCC_WARN_ABOUT_RETURN_TYPE = YES_ERROR;
				GCC_WARN_UNDECLARED_SELECTOR = YES;
				GCC_WARN_UNINITIALIZED_AUTOS = YES_AGGRESSIVE;
				GCC_WARN_UNUSED_FUNCTION = YES;
				GCC_WARN_UNUSED_VARIABLE = YES;
				IPHONEOS_DEPLOYMENT_TARGET = 13.4;
				MTL_ENABLE_DEBUG_INFO = NO;
				MTL_FAST_MATH = YES;
				SDKROOT = iphoneos;
				SWIFT_COMPILATION_MODE = wholemodule;
				SWIFT_OPTIMIZATION_LEVEL = "-O";
				VALIDATE_PRODUCT = YES;
			};
			name = Release;
		};
		8E20735924643E79004F5D91 /* Debug */ = {
			isa = XCBuildConfiguration;
			buildSettings = {
				ASSETCATALOG_COMPILER_APPICON_NAME = AppIcon;
				CODE_SIGN_STYLE = Automatic;
				DEVELOPMENT_ASSET_PATHS = "\"parkingEmulator/Preview Content\"";
				DEVELOPMENT_TEAM = 9UYFH3X5Y5;
				ENABLE_PREVIEWS = YES;
				INFOPLIST_FILE = parkingEmulator/Info.plist;
				IPHONEOS_DEPLOYMENT_TARGET = 13.0;
				LD_RUNPATH_SEARCH_PATHS = (
					"$(inherited)",
					"@executable_path/Frameworks",
				);
				PRODUCT_BUNDLE_IDENTIFIER = ugatu.parkingEmulator;
				PRODUCT_NAME = "$(TARGET_NAME)";
				SWIFT_VERSION = 5.0;
				TARGETED_DEVICE_FAMILY = "1,2";
			};
			name = Debug;
		};
		8E20735A24643E79004F5D91 /* Release */ = {
			isa = XCBuildConfiguration;
			buildSettings = {
				ASSETCATALOG_COMPILER_APPICON_NAME = AppIcon;
				CODE_SIGN_STYLE = Automatic;
				DEVELOPMENT_ASSET_PATHS = "\"parkingEmulator/Preview Content\"";
				DEVELOPMENT_TEAM = 9UYFH3X5Y5;
				ENABLE_PREVIEWS = YES;
				INFOPLIST_FILE = parkingEmulator/Info.plist;
				IPHONEOS_DEPLOYMENT_TARGET = 13.0;
				LD_RUNPATH_SEARCH_PATHS = (
					"$(inherited)",
					"@executable_path/Frameworks",
				);
				PRODUCT_BUNDLE_IDENTIFIER = ugatu.parkingEmulator;
				PRODUCT_NAME = "$(TARGET_NAME)";
				SWIFT_VERSION = 5.0;
				TARGETED_DEVICE_FAMILY = "1,2";
			};
			name = Release;
		};
		8E20735C24643E79004F5D91 /* Debug */ = {
			isa = XCBuildConfiguration;
			buildSettings = {
				ALWAYS_EMBED_SWIFT_STANDARD_LIBRARIES = YES;
				BUNDLE_LOADER = "$(TEST_HOST)";
				CODE_SIGN_STYLE = Automatic;
				DEVELOPMENT_TEAM = 8YDQV2CT4U;
				INFOPLIST_FILE = parkingEmulatorTests/Info.plist;
				IPHONEOS_DEPLOYMENT_TARGET = 13.4;
				LD_RUNPATH_SEARCH_PATHS = (
					"$(inherited)",
					"@executable_path/Frameworks",
					"@loader_path/Frameworks",
				);
				PRODUCT_BUNDLE_IDENTIFIER = ugatu.parkingEmulatorTests;
				PRODUCT_NAME = "$(TARGET_NAME)";
				SWIFT_VERSION = 5.0;
				TARGETED_DEVICE_FAMILY = "1,2";
				TEST_HOST = "$(BUILT_PRODUCTS_DIR)/parkingEmulator.app/parkingEmulator";
			};
			name = Debug;
		};
		8E20735D24643E79004F5D91 /* Release */ = {
			isa = XCBuildConfiguration;
			buildSettings = {
				ALWAYS_EMBED_SWIFT_STANDARD_LIBRARIES = YES;
				BUNDLE_LOADER = "$(TEST_HOST)";
				CODE_SIGN_STYLE = Automatic;
				DEVELOPMENT_TEAM = 8YDQV2CT4U;
				INFOPLIST_FILE = parkingEmulatorTests/Info.plist;
				IPHONEOS_DEPLOYMENT_TARGET = 13.4;
				LD_RUNPATH_SEARCH_PATHS = (
					"$(inherited)",
					"@executable_path/Frameworks",
					"@loader_path/Frameworks",
				);
				PRODUCT_BUNDLE_IDENTIFIER = ugatu.parkingEmulatorTests;
				PRODUCT_NAME = "$(TARGET_NAME)";
				SWIFT_VERSION = 5.0;
				TARGETED_DEVICE_FAMILY = "1,2";
				TEST_HOST = "$(BUILT_PRODUCTS_DIR)/parkingEmulator.app/parkingEmulator";
			};
			name = Release;
		};
		8E20735F24643E79004F5D91 /* Debug */ = {
			isa = XCBuildConfiguration;
			buildSettings = {
				ALWAYS_EMBED_SWIFT_STANDARD_LIBRARIES = YES;
				CODE_SIGN_STYLE = Automatic;
				DEVELOPMENT_TEAM = 8YDQV2CT4U;
				INFOPLIST_FILE = parkingEmulatorUITests/Info.plist;
				LD_RUNPATH_SEARCH_PATHS = (
					"$(inherited)",
					"@executable_path/Frameworks",
					"@loader_path/Frameworks",
				);
				PRODUCT_BUNDLE_IDENTIFIER = ugatu.parkingEmulatorUITests;
				PRODUCT_NAME = "$(TARGET_NAME)";
				SWIFT_VERSION = 5.0;
				TARGETED_DEVICE_FAMILY = "1,2";
				TEST_TARGET_NAME = parkingEmulator;
			};
			name = Debug;
		};
		8E20736024643E79004F5D91 /* Release */ = {
			isa = XCBuildConfiguration;
			buildSettings = {
				ALWAYS_EMBED_SWIFT_STANDARD_LIBRARIES = YES;
				CODE_SIGN_STYLE = Automatic;
				DEVELOPMENT_TEAM = 8YDQV2CT4U;
				INFOPLIST_FILE = parkingEmulatorUITests/Info.plist;
				LD_RUNPATH_SEARCH_PATHS = (
					"$(inherited)",
					"@executable_path/Frameworks",
					"@loader_path/Frameworks",
				);
				PRODUCT_BUNDLE_IDENTIFIER = ugatu.parkingEmulatorUITests;
				PRODUCT_NAME = "$(TARGET_NAME)";
				SWIFT_VERSION = 5.0;
				TARGETED_DEVICE_FAMILY = "1,2";
				TEST_TARGET_NAME = parkingEmulator;
			};
			name = Release;
		};
/* End XCBuildConfiguration section */

/* Begin XCConfigurationList section */
		8E20732924643E76004F5D91 /* Build configuration list for PBXProject "parkingEmulator" */ = {
			isa = XCConfigurationList;
			buildConfigurations = (
				8E20735624643E79004F5D91 /* Debug */,
				8E20735724643E79004F5D91 /* Release */,
			);
			defaultConfigurationIsVisible = 0;
			defaultConfigurationName = Release;
		};
		8E20735824643E79004F5D91 /* Build configuration list for PBXNativeTarget "parkingEmulator" */ = {
			isa = XCConfigurationList;
			buildConfigurations = (
				8E20735924643E79004F5D91 /* Debug */,
				8E20735A24643E79004F5D91 /* Release */,
			);
			defaultConfigurationIsVisible = 0;
			defaultConfigurationName = Release;
		};
		8E20735B24643E79004F5D91 /* Build configuration list for PBXNativeTarget "parkingEmulatorTests" */ = {
			isa = XCConfigurationList;
			buildConfigurations = (
				8E20735C24643E79004F5D91 /* Debug */,
				8E20735D24643E79004F5D91 /* Release */,
			);
			defaultConfigurationIsVisible = 0;
			defaultConfigurationName = Release;
		};
		8E20735E24643E79004F5D91 /* Build configuration list for PBXNativeTarget "parkingEmulatorUITests" */ = {
			isa = XCConfigurationList;
			buildConfigurations = (
				8E20735F24643E79004F5D91 /* Debug */,
				8E20736024643E79004F5D91 /* Release */,
			);
			defaultConfigurationIsVisible = 0;
			defaultConfigurationName = Release;
		};
/* End XCConfigurationList section */
	};
	rootObject = 8E20732624643E76004F5D91 /* Project object */;
}
